// !$*UTF8*$!
{
	archiveVersion = 1;
	classes = {
	};
	objectVersion = 50;
	objects = {

/* Begin PBXBuildFile section */
		F60B06132666C8FB00D0DFA1 /* AppDelegate.swift in Sources */ = {isa = PBXBuildFile; fileRef = F60B06122666C8FB00D0DFA1 /* AppDelegate.swift */; };
		F60B06152666C8FB00D0DFA1 /* SceneDelegate.swift in Sources */ = {isa = PBXBuildFile; fileRef = F60B06142666C8FB00D0DFA1 /* SceneDelegate.swift */; };
		F60B061A2666C8FB00D0DFA1 /* Main.storyboard in Resources */ = {isa = PBXBuildFile; fileRef = F60B06182666C8FB00D0DFA1 /* Main.storyboard */; };
		F60B061C2666C8FC00D0DFA1 /* Assets.xcassets in Resources */ = {isa = PBXBuildFile; fileRef = F60B061B2666C8FC00D0DFA1 /* Assets.xcassets */; };
		F60B061F2666C8FC00D0DFA1 /* LaunchScreen.storyboard in Resources */ = {isa = PBXBuildFile; fileRef = F60B061D2666C8FC00D0DFA1 /* LaunchScreen.storyboard */; };
		F64419522666E8630091936D /* Calanques.swift in Sources */ = {isa = PBXBuildFile; fileRef = F64419512666E8630091936D /* Calanques.swift */; };
		F64419552666EAF50091936D /* CalaqqueCollection.swift in Sources */ = {isa = PBXBuildFile; fileRef = F64419542666EAF50091936D /* CalaqqueCollection.swift */; };
		F6EF4C2B2666EE1D00C368E6 /* ControlleravecTabView.swift in Sources */ = {isa = PBXBuildFile; fileRef = F6EF4C2A2666EE1D00C368E6 /* ControlleravecTabView.swift */; };
		F6EF4C2E2666EE3200C368E6 /* ControlleravecCarte.swift in Sources */ = {isa = PBXBuildFile; fileRef = F6EF4C2D2666EE3200C368E6 /* ControlleravecCarte.swift */; };
		F6EF4C312666EE5C00C368E6 /* TableViewIntegrerController.swift in Sources */ = {isa = PBXBuildFile; fileRef = F6EF4C302666EE5C00C368E6 /* TableViewIntegrerController.swift */; };
/* End PBXBuildFile section */

/* Begin PBXFileReference section */
		F60B060F2666C8FB00D0DFA1 /* calanques.app */ = {isa = PBXFileReference; explicitFileType = wrapper.application; includeInIndex = 0; path = calanques.app; sourceTree = BUILT_PRODUCTS_DIR; };
		F60B06122666C8FB00D0DFA1 /* AppDelegate.swift */ = {isa = PBXFileReference; lastKnownFileType = sourcecode.swift; path = AppDelegate.swift; sourceTree = "<group>"; };
		F60B06142666C8FB00D0DFA1 /* SceneDelegate.swift */ = {isa = PBXFileReference; lastKnownFileType = sourcecode.swift; path = SceneDelegate.swift; sourceTree = "<group>"; };
		F60B06192666C8FB00D0DFA1 /* Base */ = {isa = PBXFileReference; lastKnownFileType = file.storyboard; name = Base; path = Base.lproj/Main.storyboard; sourceTree = "<group>"; };
		F60B061B2666C8FC00D0DFA1 /* Assets.xcassets */ = {isa = PBXFileReference; lastKnownFileType = folder.assetcatalog; path = Assets.xcassets; sourceTree = "<group>"; };
		F60B061E2666C8FC00D0DFA1 /* Base */ = {isa = PBXFileReference; lastKnownFileType = file.storyboard; name = Base; path = Base.lproj/LaunchScreen.storyboard; sourceTree = "<group>"; };
		F60B06202666C8FC00D0DFA1 /* Info.plist */ = {isa = PBXFileReference; lastKnownFileType = text.plist.xml; path = Info.plist; sourceTree = "<group>"; };
		F64419512666E8630091936D /* Calanques.swift */ = {isa = PBXFileReference; lastKnownFileType = sourcecode.swift; path = Calanques.swift; sourceTree = "<group>"; };
		F64419542666EAF50091936D /* CalaqqueCollection.swift */ = {isa = PBXFileReference; lastKnownFileType = sourcecode.swift; path = CalaqqueCollection.swift; sourceTree = "<group>"; };
		F6EF4C2A2666EE1D00C368E6 /* ControlleravecTabView.swift */ = {isa = PBXFileReference; lastKnownFileType = sourcecode.swift; path = ControlleravecTabView.swift; sourceTree = "<group>"; };
		F6EF4C2D2666EE3200C368E6 /* ControlleravecCarte.swift */ = {isa = PBXFileReference; lastKnownFileType = sourcecode.swift; path = ControlleravecCarte.swift; sourceTree = "<group>"; };
		F6EF4C302666EE5C00C368E6 /* TableViewIntegrerController.swift */ = {isa = PBXFileReference; lastKnownFileType = sourcecode.swift; path = TableViewIntegrerController.swift; sourceTree = "<group>"; };
/* End PBXFileReference section */

/* Begin PBXFrameworksBuildPhase section */
		F60B060C2666C8FB00D0DFA1 /* Frameworks */ = {
			isa = PBXFrameworksBuildPhase;
			buildActionMask = 2147483647;
			files = (
			);
			runOnlyForDeploymentPostprocessing = 0;
		};
/* End PBXFrameworksBuildPhase section */

/* Begin PBXGroup section */
		F60B06062666C8FB00D0DFA1 = {
			isa = PBXGroup;
			children = (
				F60B06112666C8FB00D0DFA1 /* calanques */,
				F60B06102666C8FB00D0DFA1 /* Products */,
			);
			sourceTree = "<group>";
		};
		F60B06102666C8FB00D0DFA1 /* Products */ = {
			isa = PBXGroup;
			children = (
				F60B060F2666C8FB00D0DFA1 /* calanques.app */,
			);
			name = Products;
			sourceTree = "<group>";
		};
		F60B06112666C8FB00D0DFA1 /* calanques */ = {
			isa = PBXGroup;
			children = (
				F644194B2666E65D0091936D /* Modeles */,
				F644194E2666E68C0091936D /* Vue */,
				F644194F2666E6980091936D /* Controller */,
				F60B06122666C8FB00D0DFA1 /* AppDelegate.swift */,
				F60B06142666C8FB00D0DFA1 /* SceneDelegate.swift */,
				F60B06182666C8FB00D0DFA1 /* Main.storyboard */,
				F60B061B2666C8FC00D0DFA1 /* Assets.xcassets */,
				F60B061D2666C8FC00D0DFA1 /* LaunchScreen.storyboard */,
				F60B06202666C8FC00D0DFA1 /* Info.plist */,
			);
			path = calanques;
			sourceTree = "<group>";
		};
		F644194B2666E65D0091936D /* Modeles */ = {
			isa = PBXGroup;
			children = (
				F64419512666E8630091936D /* Calanques.swift */,
				F64419542666EAF50091936D /* CalaqqueCollection.swift */,
			);
			path = Modeles;
			sourceTree = "<group>";
		};
		F644194E2666E68C0091936D /* Vue */ = {
			isa = PBXGroup;
			children = (
			);
			path = Vue;
			sourceTree = "<group>";
		};
		F644194F2666E6980091936D /* Controller */ = {
			isa = PBXGroup;
			children = (
				F6EF4C2A2666EE1D00C368E6 /* ControlleravecTabView.swift */,
				F6EF4C2D2666EE3200C368E6 /* ControlleravecCarte.swift */,
				F6EF4C302666EE5C00C368E6 /* TableViewIntegrerController.swift */,
			);
			path = Controller;
			sourceTree = "<group>";
		};
/* End PBXGroup section */

/* Begin PBXNativeTarget section */
		F60B060E2666C8FB00D0DFA1 /* calanques */ = {
			isa = PBXNativeTarget;
			buildConfigurationList = F60B06232666C8FC00D0DFA1 /* Build configuration list for PBXNativeTarget "calanques" */;
			buildPhases = (
				F60B060B2666C8FB00D0DFA1 /* Sources */,
				F60B060C2666C8FB00D0DFA1 /* Frameworks */,
				F60B060D2666C8FB00D0DFA1 /* Resources */,
			);
			buildRules = (
			);
			dependencies = (
			);
			name = calanques;
			productName = calanques;
			productReference = F60B060F2666C8FB00D0DFA1 /* calanques.app */;
			productType = "com.apple.product-type.application";
		};
/* End PBXNativeTarget section */

/* Begin PBXProject section */
		F60B06072666C8FB00D0DFA1 /* Project object */ = {
			isa = PBXProject;
			attributes = {
				LastSwiftUpdateCheck = 1220;
				LastUpgradeCheck = 1220;
				TargetAttributes = {
					F60B060E2666C8FB00D0DFA1 = {
						CreatedOnToolsVersion = 12.2;
					};
				};
			};
			buildConfigurationList = F60B060A2666C8FB00D0DFA1 /* Build configuration list for PBXProject "calanques" */;
			compatibilityVersion = "Xcode 9.3";
			developmentRegion = en;
			hasScannedForEncodings = 0;
			knownRegions = (
				en,
				Base,
			);
			mainGroup = F60B06062666C8FB00D0DFA1;
			productRefGroup = F60B06102666C8FB00D0DFA1 /* Products */;
			projectDirPath = "";
			projectRoot = "";
			targets = (
				F60B060E2666C8FB00D0DFA1 /* calanques */,
			);
		};
/* End PBXProject section */

/* Begin PBXResourcesBuildPhase section */
		F60B060D2666C8FB00D0DFA1 /* Resources */ = {
			isa = PBXResourcesBuildPhase;
			buildActionMask = 2147483647;
			files = (
				F60B061F2666C8FC00D0DFA1 /* LaunchScreen.storyboard in Resources */,
				F60B061C2666C8FC00D0DFA1 /* Assets.xcassets in Resources */,
				F60B061A2666C8FB00D0DFA1 /* Main.storyboard in Resources */,
			);
			runOnlyForDeploymentPostprocessing = 0;
		};
/* End PBXResourcesBuildPhase section */

/* Begin PBXSourcesBuildPhase section */
		F60B060B2666C8FB00D0DFA1 /* Sources */ = {
			isa = PBXSourcesBuildPhase;
			buildActionMask = 2147483647;
			files = (
				F60B06132666C8FB00D0DFA1 /* AppDelegate.swift in Sources */,
				F64419552666EAF50091936D /* CalaqqueCollection.swift in Sources */,
				F60B06152666C8FB00D0DFA1 /* SceneDelegate.swift in Sources */,
				F6EF4C2B2666EE1D00C368E6 /* ControlleravecTabView.swift in Sources */,
				F6EF4C2E2666EE3200C368E6 /* ControlleravecCarte.swift in Sources */,
				F64419522666E8630091936D /* Calanques.swift in Sources */,
				F6EF4C312666EE5C00C368E6 /* TableViewIntegrerController.swift in Sources */,
			);
			runOnlyForDeploymentPostprocessing = 0;
		};
/* End PBXSourcesBuildPhase section */

/* Begin PBXVariantGroup section */
		F60B06182666C8FB00D0DFA1 /* Main.storyboard */ = {
			isa = PBXVariantGroup;
			children = (
				F60B06192666C8FB00D0DFA1 /* Base */,
			);
			name = Main.storyboard;
			sourceTree = "<group>";
		};
		F60B061D2666C8FC00D0DFA1 /* LaunchScreen.storyboard */ = {
			isa = PBXVariantGroup;
			children = (
				F60B061E2666C8FC00D0DFA1 /* Base */,
			);
			name = LaunchScreen.storyboard;
			sourceTree = "<group>";
		};
/* End PBXVariantGroup section */

/* Begin XCBuildConfiguration section */
		F60B06212666C8FC00D0DFA1 /* Debug */ = {
			isa = XCBuildConfiguration;
			buildSettings = {
				ALWAYS_SEARCH_USER_PATHS = NO;
				CLANG_ANALYZER_NONNULL = YES;
				CLANG_ANALYZER_NUMBER_OBJECT_CONVERSION = YES_AGGRESSIVE;
				CLANG_CXX_LANGUAGE_STANDARD = "gnu++14";
				CLANG_CXX_LIBRARY = "libc++";
				CLANG_ENABLE_MODULES = YES;
				CLANG_ENABLE_OBJC_ARC = YES;
				CLANG_ENABLE_OBJC_WEAK = YES;
				CLANG_WARN_BLOCK_CAPTURE_AUTORELEASING = YES;
				CLANG_WARN_BOOL_CONVERSION = YES;
				CLANG_WARN_COMMA = YES;
				CLANG_WARN_CONSTANT_CONVERSION = YES;
				CLANG_WARN_DEPRECATED_OBJC_IMPLEMENTATIONS = YES;
				CLANG_WARN_DIRECT_OBJC_ISA_USAGE = YES_ERROR;
				CLANG_WARN_DOCUMENTATION_COMMENTS = YES;
				CLANG_WARN_EMPTY_BODY = YES;
				CLANG_WARN_ENUM_CONVERSION = YES;
				CLANG_WARN_INFINITE_RECURSION = YES;
				CLANG_WARN_INT_CONVERSION = YES;
				CLANG_WARN_NON_LITERAL_NULL_CONVERSION = YES;
				CLANG_WARN_OBJC_IMPLICIT_RETAIN_SELF = YES;
				CLANG_WARN_OBJC_LITERAL_CONVERSION = YES;
				CLANG_WARN_OBJC_ROOT_CLASS = YES_ERROR;
				CLANG_WARN_QUOTED_INCLUDE_IN_FRAMEWORK_HEADER = YES;
				CLANG_WARN_RANGE_LOOP_ANALYSIS = YES;
				CLANG_WARN_STRICT_PROTOTYPES = YES;
				CLANG_WARN_SUSPICIOUS_MOVE = YES;
				CLANG_WARN_UNGUARDED_AVAILABILITY = YES_AGGRESSIVE;
				CLANG_WARN_UNREACHABLE_CODE = YES;
				CLANG_WARN__DUPLICATE_METHOD_MATCH = YES;
				COPY_PHASE_STRIP = NO;
				DEBUG_INFORMATION_FORMAT = dwarf;
				ENABLE_STRICT_OBJC_MSGSEND = YES;
				ENABLE_TESTABILITY = YES;
				GCC_C_LANGUAGE_STANDARD = gnu11;
				GCC_DYNAMIC_NO_PIC = NO;
				GCC_NO_COMMON_BLOCKS = YES;
				GCC_OPTIMIZATION_LEVEL = 0;
				GCC_PREPROCESSOR_DEFINITIONS = (
					"DEBUG=1",
					"$(inherited)",
				);
				GCC_WARN_64_TO_32_BIT_CONVERSION = YES;
				GCC_WARN_ABOUT_RETURN_TYPE = YES_ERROR;
				GCC_WARN_UNDECLARED_SELECTOR = YES;
				GCC_WARN_UNINITIALIZED_AUTOS = YES_AGGRESSIVE;
				GCC_WARN_UNUSED_FUNCTION = YES;
				GCC_WARN_UNUSED_VARIABLE = YES;
				IPHONEOS_DEPLOYMENT_TARGET = 14.2;
				MTL_ENABLE_DEBUG_INFO = INCLUDE_SOURCE;
				MTL_FAST_MATH = YES;
				ONLY_ACTIVE_ARCH = YES;
				SDKROOT = iphoneos;
				SWIFT_ACTIVE_COMPILATION_CONDITIONS = DEBUG;
				SWIFT_OPTIMIZATION_LEVEL = "-Onone";
			};
			name = Debug;
		};
		F60B06222666C8FC00D0DFA1 /* Release */ = {
			isa = XCBuildConfiguration;
			buildSettings = {
				ALWAYS_SEARCH_USER_PATHS = NO;
				CLANG_ANALYZER_NONNULL = YES;
				CLANG_ANALYZER_NUMBER_OBJECT_CONVERSION = YES_AGGRESSIVE;
				CLANG_CXX_LANGUAGE_STANDARD = "gnu++14";
				CLANG_CXX_LIBRARY = "libc++";
				CLANG_ENABLE_MODULES = YES;
				CLANG_ENABLE_OBJC_ARC = YES;
				CLANG_ENABLE_OBJC_WEAK = YES;
				CLANG_WARN_BLOCK_CAPTURE_AUTORELEASING = YES;
				CLANG_WARN_BOOL_CONVERSION = YES;
				CLANG_WARN_COMMA = YES;
				CLANG_WARN_CONSTANT_CONVERSION = YES;
				CLANG_WARN_DEPRECATED_OBJC_IMPLEMENTATIONS = YES;
				CLANG_WARN_DIRECT_OBJC_ISA_USAGE = YES_ERROR;
				CLANG_WARN_DOCUMENTATION_COMMENTS = YES;
				CLANG_WARN_EMPTY_BODY = YES;
				CLANG_WARN_ENUM_CONVERSION = YES;
				CLANG_WARN_INFINITE_RECURSION = YES;
				CLANG_WARN_INT_CONVERSION = YES;
				CLANG_WARN_NON_LITERAL_NULL_CONVERSION = YES;
				CLANG_WARN_OBJC_IMPLICIT_RETAIN_SELF = YES;
				CLANG_WARN_OBJC_LITERAL_CONVERSION = YES;
				CLANG_WARN_OBJC_ROOT_CLASS = YES_ERROR;
				CLANG_WARN_QUOTED_INCLUDE_IN_FRAMEWORK_HEADER = YES;
				CLANG_WARN_RANGE_LOOP_ANALYSIS = YES;
				CLANG_WARN_STRICT_PROTOTYPES = YES;
				CLANG_WARN_SUSPICIOUS_MOVE = YES;
				CLANG_WARN_UNGUARDED_AVAILABILITY = YES_AGGRESSIVE;
				CLANG_WARN_UNREACHABLE_CODE = YES;
				CLANG_WARN__DUPLICATE_METHOD_MATCH = YES;
				COPY_PHASE_STRIP = NO;
				DEBUG_INFORMATION_FORMAT = "dwarf-with-dsym";
				ENABLE_NS_ASSERTIONS = NO;
				ENABLE_STRICT_OBJC_MSGSEND = YES;
				GCC_C_LANGUAGE_STANDARD = gnu11;
				GCC_NO_COMMON_BLOCKS = YES;
				GCC_WARN_64_TO_32_BIT_CONVERSION = YES;
				GCC_WARN_ABOUT_RETURN_TYPE = YES_ERROR;
				GCC_WARN_UNDECLARED_SELECTOR = YES;
				GCC_WARN_UNINITIALIZED_AUTOS = YES_AGGRESSIVE;
				GCC_WARN_UNUSED_FUNCTION = YES;
				GCC_WARN_UNUSED_VARIABLE = YES;
				IPHONEOS_DEPLOYMENT_TARGET = 14.2;
				MTL_ENABLE_DEBUG_INFO = NO;
				MTL_FAST_MATH = YES;
				SDKROOT = iphoneos;
				SWIFT_COMPILATION_MODE = wholemodule;
				SWIFT_OPTIMIZATION_LEVEL = "-O";
				VALIDATE_PRODUCT = YES;
			};
			name = Release;
		};
		F60B06242666C8FC00D0DFA1 /* Debug */ = {
			isa = XCBuildConfiguration;
			buildSettings = {
				ASSETCATALOG_COMPILER_APPICON_NAME = AppIcon;
				ASSETCATALOG_COMPILER_GLOBAL_ACCENT_COLOR_NAME = AccentColor;
				CODE_SIGN_STYLE = Automatic;
				DEVELOPMENT_TEAM = AYQKWKQJL2;
				INFOPLIST_FILE = calanques/Info.plist;
				LD_RUNPATH_SEARCH_PATHS = (
					"$(inherited)",
					"@executable_path/Frameworks",
				);
				PRODUCT_BUNDLE_IDENTIFIER = lightphoenix.calanques;
				PRODUCT_NAME = "$(TARGET_NAME)";
				SWIFT_VERSION = 5.0;
				TARGETED_DEVICE_FAMILY = 1;
			};
			name = Debug;
		};
		F60B06252666C8FC00D0DFA1 /* Release */ = {
			isa = XCBuildConfiguration;
			buildSettings = {
				ASSETCATALOG_COMPILER_APPICON_NAME = AppIcon;
				ASSETCATALOG_COMPILER_GLOBAL_ACCENT_COLOR_NAME = AccentColor;
				CODE_SIGN_STYLE = Automatic;
				DEVELOPMENT_TEAM = AYQKWKQJL2;
				INFOPLIST_FILE = calanques/Info.plist;
				LD_RUNPATH_SEARCH_PATHS = (
					"$(inherited)",
					"@executable_path/Frameworks",
				);
				PRODUCT_BUNDLE_IDENTIFIER = lightphoenix.calanques;
				PRODUCT_NAME = "$(TARGET_NAME)";
				SWIFT_VERSION = 5.0;
				TARGETED_DEVICE_FAMILY = 1;
			};
			name = Release;
		};
/* End XCBuildConfiguration section */

/* Begin XCConfigurationList section */
		F60B060A2666C8FB00D0DFA1 /* Build configuration list for PBXProject "calanques" */ = {
			isa = XCConfigurationList;
			buildConfigurations = (
				F60B06212666C8FC00D0DFA1 /* Debug */,
				F60B06222666C8FC00D0DFA1 /* Release */,
			);
			defaultConfigurationIsVisible = 0;
			defaultConfigurationName = Release;
		};
		F60B06232666C8FC00D0DFA1 /* Build configuration list for PBXNativeTarget "calanques" */ = {
			isa = XCConfigurationList;
			buildConfigurations = (
				F60B06242666C8FC00D0DFA1 /* Debug */,
				F60B06252666C8FC00D0DFA1 /* Release */,
			);
			defaultConfigurationIsVisible = 0;
			defaultConfigurationName = Release;
		};
/* End XCConfigurationList section */
	};
	rootObject = F60B06072666C8FB00D0DFA1 /* Project object */;
}
